
Microsoft Visual Studio Solution File, Format Version 12.00
# Visual Studio Version 16
VisualStudioVersion = 16.0.29920.165
MinimumVisualStudioVersion = 10.0.40219.1
Project("{8BC9CEB8-8B4A-11D0-8D11-00A0C91BC942}") = "leetcode_no697_数组的度_w1", "leetcode_no697_数组的度_w1.vcxproj", "{56BEDC2A-18D4-4D58-80FE-D17DF0172200}"
EndProject
Global
	GlobalSection(SolutionConfigurationPlatforms) = preSolution
		Debug|x64 = Debug|x64
		Debug|x86 = Debug|x86
		Release|x64 = Release|x64
		Release|x86 = Release|x86
	EndGlobalSection
	GlobalSection(ProjectConfigurationPlatforms) = postSolution
		{56BEDC2A-18D4-4D58-80FE-D17DF0172200}.Debug|x64.ActiveCfg = Debug|x64
		{56BEDC2A-18D4-4D58-80FE-D17DF0172200}.Debug|x64.Build.0 = Debug|x64
		{56BEDC2A-18D4-4D58-80FE-D17DF0172200}.Debug|x86.ActiveCfg = Debug|Win32
		{56BEDC2A-18D4-4D58-80FE-D17DF0172200}.Debug|x86.Build.0 = Debug|Win32
		{56BEDC2A-18D4-4D58-80FE-D17DF0172200}.Release|x64.ActiveCfg = Release|x64
		{56BEDC2A-18D4-4D58-80FE-D17DF0172200}.Release|x64.Build.0 = Release|x64
		{56BEDC2A-18D4-4D58-80FE-D17DF0172200}.Release|x86.ActiveCfg = Release|Win32
		{56BEDC2A-18D4-4D58-80FE-D17DF0172200}.Release|x86.Build.0 = Release|Win32
	EndGlobalSection
	GlobalSection(SolutionProperties) = preSolution
		HideSolutionNode = FALSE
	EndGlobalSection
	GlobalSection(ExtensibilityGlobals) = postSolution
		SolutionGuid = {BB28725B-9C50-43A9-8420-F1D9E9EAA0F6}
	EndGlobalSection
EndGlobal
